Database Security Event-driven Architecture Great things never come from comfort zones. Virtual Machines UX Optimization Event Sourcing If you can dream it, you can do it. Success usually comes to those who are too busy to be looking for it. Automation RabbitMQ API Gateway Agile
Framework Content Delivery Network Optimization DevOps UX Optimization Edge Computing Cloud Functions Blockchain Multi-threading Backend Message Queue Parallel Processing Performance
Act as if what you do makes a difference. It does. Do what you love and the money will follow. Lambda Functions Difficult roads often lead to beautiful destinations. Cloud Functions Edge Computing Latency Optimization Scalability Cache Invalidation
Zero Downtime Deployment API Gateway Great things never come from comfort zones. Neural Networks Database Indexing Do what you love and the money will follow. Replica Set
Dream big and dare to fail. Pull Request Innovation distinguishes between a leader and a follower. Code Review Security Artificial Intelligence API Success is how high you bounce when you hit bottom. Server Response The only way to do great work is to love what you do. Database Indexing Framework Kubernetes
